
Microsoft Visual Studio Solution File, Format Version 12.00
# Visual Studio Version 16
VisualStudioVersion = 16.0.30611.23
MinimumVisualStudioVersion = 10.0.40219.1
Project("{888888A0-9F3D-457C-B088-3A5042F75D52}") = "vigade_otsing3_topolja", "vigade_otsing3_topolja.pyproj", "{009D6599-4293-49BB-B9C8-3F44056229A3}"
EndProject
Global
	GlobalSection(SolutionConfigurationPlatforms) = preSolution
		Debug|Any CPU = Debug|Any CPU
		Release|Any CPU = Release|Any CPU
	EndGlobalSection
	GlobalSection(ProjectConfigurationPlatforms) = postSolution
		{009D6599-4293-49BB-B9C8-3F44056229A3}.Debug|Any CPU.ActiveCfg = Debug|Any CPU
		{009D6599-4293-49BB-B9C8-3F44056229A3}.Release|Any CPU.ActiveCfg = Release|Any CPU
	EndGlobalSection
	GlobalSection(SolutionProperties) = preSolution
		HideSolutionNode = FALSE
	EndGlobalSection
	GlobalSection(ExtensibilityGlobals) = postSolution
		SolutionGuid = {0F3A2BDE-7C5F-4A15-B2BC-215140328A39}
	EndGlobalSection
EndGlobal
